{
  "name": "@owneul/kalidator",
  "version": "1.0.23",
  "lockfileVersion": 1,
  "requires": true,
  "dependencies": {
    "@owneul/kate": {
      "version": "1.0.1",
      "resolved": "https://registry.npmjs.org/@owneul/kate/-/kate-1.0.1.tgz",
      "integrity": "sha512-Ck6+4OnhWNvLIGjlUtJtYzJvNljz4QNrnEWOCXfOr7l5DeJzKR9SnhiEg7QOenB4q4GpxDCY/clKOVgCVJcnjA=="
    },
    "@types/node": {
      "version": "11.13.8",
      "resolved": "https://registry.npmjs.org/@types/node/-/node-11.13.8.tgz",
      "integrity": "sha512-szA3x/3miL90ZJxUCzx9haNbK5/zmPieGraZEe4WI+3srN0eGLiT22NXeMHmyhNEopn+IrxqMc7wdVwvPl8meg==",
      "dev": true
    },
    "formdata-polyfill": {
      "version": "3.0.19",
      "resolved": "https://registry.npmjs.org/formdata-polyfill/-/formdata-polyfill-3.0.19.tgz",
      "integrity": "sha512-nRSp8nniopIOCLZOUE2omwnUvmRH6VEdKm52rLTne8XBsW7hMMBUiOjuxUPoBsiK0CatKmxArh+Svt2s7R66JQ=="
    },
    "typescript": {
      "version": "3.4.4",
      "resolved": "https://registry.npmjs.org/typescript/-/typescript-3.4.4.tgz",
      "integrity": "sha512-xt5RsIRCEaf6+j9AyOBgvVuAec0i92rgCaS3S+UVf5Z/vF2Hvtsw08wtUTJqp4djwznoAgjSxeCcU4r+CcDBJA==",
      "dev": true
    },
    "weakmap-polyfill": {
      "version": "2.0.2",
      "resolved": "https://registry.npmjs.org/weakmap-polyfill/-/weakmap-polyfill-2.0.2.tgz",
      "integrity": "sha512-Lyc5GL7aY3E91T5upv+0fd+OZe8gpTa4gyFo+9J5k6HGfYQpLGTAUg/TmAKFoSf+3F05iXLbqd2wIxV9ztr6ig=="
    }
  }
}
