{
  "name": "@owneul/kalidator",
  "version": "2.1.5",
  "lockfileVersion": 1,
  "requires": true,
  "dependencies": {
    "@types/node": {
      "version": "11.15.39",
      "resolved": "https://registry.npmjs.org/@types/node/-/node-11.15.39.tgz",
      "integrity": "sha512-vVNBFg0n7vd2GuIEDa/s854RpcqAMRer/8IPmhKCYEoC2cLDGeTPNwlnAmSoI0sddOPhTb82DDWeHMrqEi5p3w==",
      "dev": true
    },
    "formdata-polyfill": {
      "version": "3.0.20",
      "resolved": "https://registry.npmjs.org/formdata-polyfill/-/formdata-polyfill-3.0.20.tgz",
      "integrity": "sha512-TAaxIEwTBdoH1TWndtUH1T0/GisUHwmOKcV5hjkR/iTatHBJSOHb563FP86Lra5nXo3iNdhK7HPwMl5Ihg71pg=="
    },
    "moment": {
      "version": "2.29.4",
      "resolved": "https://registry.npmjs.org/moment/-/moment-2.29.4.tgz",
      "integrity": "sha512-5LC9SOxjSc2HF6vO2CyuTDNivEdoz2IvyJJGj6X8DJ0eFyfszE0QiEd+iXmBvUP3WHxSjFH/vIsA0EN00cgr8w=="
    },
    "typescript": {
      "version": "3.9.7",
      "resolved": "https://registry.npmjs.org/typescript/-/typescript-3.9.7.tgz",
      "integrity": "sha512-BLbiRkiBzAwsjut4x/dsibSTB6yWpwT5qWmC2OfuCg3GgVQCSgMs4vEctYPhsaGtd0AeuuHMkjZ2h2WG8MSzRw==",
      "dev": true
    },
    "uglify-js": {
      "version": "3.12.1",
      "resolved": "https://registry.npmjs.org/uglify-js/-/uglify-js-3.12.1.tgz",
      "integrity": "sha512-o8lHP20KjIiQe5b/67Rh68xEGRrc2SRsCuuoYclXXoC74AfSRGblU1HKzJWH3HxPZ+Ort85fWHpSX7KwBUC9CQ==",
      "dev": true
    },
    "weakmap-polyfill": {
      "version": "2.0.2",
      "resolved": "https://registry.npmjs.org/weakmap-polyfill/-/weakmap-polyfill-2.0.2.tgz",
      "integrity": "sha512-Lyc5GL7aY3E91T5upv+0fd+OZe8gpTa4gyFo+9J5k6HGfYQpLGTAUg/TmAKFoSf+3F05iXLbqd2wIxV9ztr6ig=="
    }
  }
}
